
Microsoft Visual Studio Solution File, Format Version 12.00
Project("{FAE04EC0-301F-11D3-BF4B-00C04F79EFBC}") = "EnglishLearning.FileManager.Web", "src\EnglishLearning.FileManager.Web\EnglishLearning.FileManager.Web.csproj", "{FFBC7158-81DB-452D-A563-897AAEFD2D2A}"
EndProject
Project("{FAE04EC0-301F-11D3-BF4B-00C04F79EFBC}") = "EnglishLearning.FileManager.Host", "src\EnglishLearning.FileManager.Host\EnglishLearning.FileManager.Host.csproj", "{D24F11EB-0139-4D7F-8B5D-4229E2820BBC}"
EndProject
Project("{FAE04EC0-301F-11D3-BF4B-00C04F79EFBC}") = "EnglishLearning.FileManager.SqlMigrations", "src\EnglishLearning.FileManager.SqlMigrations\EnglishLearning.FileManager.SqlMigrations.csproj", "{1EE43B66-1E80-4C59-83ED-12F729E5EE35}"
EndProject
Project("{FAE04EC0-301F-11D3-BF4B-00C04F79EFBC}") = "EnglishLearning.FileManager.Persistence", "src\EnglishLearning.FileManager.Persistence\EnglishLearning.FileManager.Persistence.csproj", "{6E9BF6D9-D0C2-43C9-8E67-5D93B7D9912B}"
EndProject
Global
	GlobalSection(SolutionConfigurationPlatforms) = preSolution
		Debug|Any CPU = Debug|Any CPU
		Release|Any CPU = Release|Any CPU
	EndGlobalSection
	GlobalSection(ProjectConfigurationPlatforms) = postSolution
		{FFBC7158-81DB-452D-A563-897AAEFD2D2A}.Debug|Any CPU.ActiveCfg = Debug|Any CPU
		{FFBC7158-81DB-452D-A563-897AAEFD2D2A}.Debug|Any CPU.Build.0 = Debug|Any CPU
		{FFBC7158-81DB-452D-A563-897AAEFD2D2A}.Release|Any CPU.ActiveCfg = Release|Any CPU
		{FFBC7158-81DB-452D-A563-897AAEFD2D2A}.Release|Any CPU.Build.0 = Release|Any CPU
		{D24F11EB-0139-4D7F-8B5D-4229E2820BBC}.Debug|Any CPU.ActiveCfg = Debug|Any CPU
		{D24F11EB-0139-4D7F-8B5D-4229E2820BBC}.Debug|Any CPU.Build.0 = Debug|Any CPU
		{D24F11EB-0139-4D7F-8B5D-4229E2820BBC}.Release|Any CPU.ActiveCfg = Release|Any CPU
		{D24F11EB-0139-4D7F-8B5D-4229E2820BBC}.Release|Any CPU.Build.0 = Release|Any CPU
		{1EE43B66-1E80-4C59-83ED-12F729E5EE35}.Debug|Any CPU.ActiveCfg = Debug|Any CPU
		{1EE43B66-1E80-4C59-83ED-12F729E5EE35}.Debug|Any CPU.Build.0 = Debug|Any CPU
		{1EE43B66-1E80-4C59-83ED-12F729E5EE35}.Release|Any CPU.ActiveCfg = Release|Any CPU
		{1EE43B66-1E80-4C59-83ED-12F729E5EE35}.Release|Any CPU.Build.0 = Release|Any CPU
		{6E9BF6D9-D0C2-43C9-8E67-5D93B7D9912B}.Debug|Any CPU.ActiveCfg = Debug|Any CPU
		{6E9BF6D9-D0C2-43C9-8E67-5D93B7D9912B}.Debug|Any CPU.Build.0 = Debug|Any CPU
		{6E9BF6D9-D0C2-43C9-8E67-5D93B7D9912B}.Release|Any CPU.ActiveCfg = Release|Any CPU
		{6E9BF6D9-D0C2-43C9-8E67-5D93B7D9912B}.Release|Any CPU.Build.0 = Release|Any CPU
	EndGlobalSection
EndGlobal
